
Microsoft Visual Studio Solution File, Format Version 12.00
# Visual Studio Version 16
VisualStudioVersion = 16.0.30907.101
MinimumVisualStudioVersion = 10.0.40219.1
Project("{2150E333-8FDC-42A3-9474-1A3956D46DE8}") = "src", "src", "{4B093BE4-8987-4E49-8A7C-F9754A29B382}"
EndProject
Project("{2150E333-8FDC-42A3-9474-1A3956D46DE8}") = "Building Blocks", "Building Blocks", "{B01E211E-2F0E-4D59-BD0F-59B91147AC9C}"
EndProject
Project("{2150E333-8FDC-42A3-9474-1A3956D46DE8}") = "Services", "Services", "{41465A75-D1C5-4B07-B28D-3580C138DD93}"
EndProject
Project("{2150E333-8FDC-42A3-9474-1A3956D46DE8}") = "Web", "Web", "{0D252D1D-2420-4A0C-8A39-04448D7162F8}"
EndProject
Project("{2150E333-8FDC-42A3-9474-1A3956D46DE8}") = "Identidade", "Identidade", "{60D5BBE1-D8C5-4EEF-843A-33972BBC94AF}"
EndProject
Project("{FAE04EC0-301F-11D3-BF4B-00C04F79EFBC}") = "NerdStoreEnterprise.Identidade.API", "src\services\NerdStoreEnterprise.Identidade.API\NerdStoreEnterprise.Identidade.API.csproj", "{7C386F3D-2D91-406D-AB63-EB5B5DA5302C}"
EndProject
Project("{2150E333-8FDC-42A3-9474-1A3956D46DE8}") = "MVC", "MVC", "{2433458A-9E6D-4C79-B1D9-C1CC2DB549C3}"
EndProject
Project("{2150E333-8FDC-42A3-9474-1A3956D46DE8}") = "Core", "Core", "{DD84A5AB-A109-4F43-A836-74D5745CE898}"
EndProject
Project("{FAE04EC0-301F-11D3-BF4B-00C04F79EFBC}") = "NerdStoreEnterprise.Core", "src\building blocks\NerdStoreEnterprise.Core\NerdStoreEnterprise.Core.csproj", "{F56C80FE-5146-4010-A3B2-ACBB982F9480}"
EndProject
Project("{FAE04EC0-301F-11D3-BF4B-00C04F79EFBC}") = "NerdStoreEnterprise.WebApp.MVC", "src\web\NerdStoreEnterprise.WebApp.MVC\NerdStoreEnterprise.WebApp.MVC.csproj", "{BFA2AE0B-5107-4E4F-B268-921A2EB6F776}"
EndProject
Project("{2150E333-8FDC-42A3-9474-1A3956D46DE8}") = "Carrinho", "Carrinho", "{FFE006DD-B8FB-44D8-9F59-AD869B42F199}"
EndProject
Project("{2150E333-8FDC-42A3-9474-1A3956D46DE8}") = "Catalogo", "Catalogo", "{319243BE-1F1A-4E80-B471-BF9D11473E4A}"
EndProject
Project("{2150E333-8FDC-42A3-9474-1A3956D46DE8}") = "Cliente", "Cliente", "{A9071BBF-0B74-4EB7-A455-E17A9120F715}"
EndProject
Project("{2150E333-8FDC-42A3-9474-1A3956D46DE8}") = "Pagamento", "Pagamento", "{998F85B8-475A-4D4D-9965-1BE183775539}"
EndProject
Project("{2150E333-8FDC-42A3-9474-1A3956D46DE8}") = "Pedido", "Pedido", "{9708A143-D204-48D2-B97F-E9E934A659CC}"
EndProject
Project("{FAE04EC0-301F-11D3-BF4B-00C04F79EFBC}") = "NerdStoreEnterprise.Carrinho.API", "src\services\NerdStoreEnterprise.Carrinho.API\NerdStoreEnterprise.Carrinho.API.csproj", "{E8C28968-B27B-4301-8B9E-F53F2480A0DD}"
EndProject
Project("{FAE04EC0-301F-11D3-BF4B-00C04F79EFBC}") = "NerdStoreEnterprise.Catalogo.API", "src\services\NerdStoreEnterprise.Catalogo.API\NerdStoreEnterprise.Catalogo.API.csproj", "{839E5E05-EC9B-43E9-8D8A-8EA6597D4B0B}"
EndProject
Project("{FAE04EC0-301F-11D3-BF4B-00C04F79EFBC}") = "NerdStoreEnterprise.Cliente.API", "src\services\NerdStoreEnterprise.Cliente.API\NerdStoreEnterprise.Cliente.API.csproj", "{69497EA8-C6F9-43CC-A152-AA4E7B4E9521}"
EndProject
Project("{FAE04EC0-301F-11D3-BF4B-00C04F79EFBC}") = "NerdStoreEnterprise.Pedido.API", "src\services\NerdStoreEnterprise.Pedido.API\NerdStoreEnterprise.Pedido.API.csproj", "{D3AF6B01-32C9-41CC-8277-AB46BA1D0991}"
EndProject
Project("{FAE04EC0-301F-11D3-BF4B-00C04F79EFBC}") = "NerdStoreEnterprise.Pagamento.API", "src\services\NerdStoreEnterprise.Pagamento.API\NerdStoreEnterprise.Pagamento.API.csproj", "{4615D693-B2C0-40EA-A731-1CF27B9C1E3B}"
EndProject
Global
	GlobalSection(SolutionConfigurationPlatforms) = preSolution
		Debug|Any CPU = Debug|Any CPU
		Release|Any CPU = Release|Any CPU
	EndGlobalSection
	GlobalSection(ProjectConfigurationPlatforms) = postSolution
		{7C386F3D-2D91-406D-AB63-EB5B5DA5302C}.Debug|Any CPU.ActiveCfg = Debug|Any CPU
		{7C386F3D-2D91-406D-AB63-EB5B5DA5302C}.Debug|Any CPU.Build.0 = Debug|Any CPU
		{7C386F3D-2D91-406D-AB63-EB5B5DA5302C}.Release|Any CPU.ActiveCfg = Release|Any CPU
		{7C386F3D-2D91-406D-AB63-EB5B5DA5302C}.Release|Any CPU.Build.0 = Release|Any CPU
		{F56C80FE-5146-4010-A3B2-ACBB982F9480}.Debug|Any CPU.ActiveCfg = Debug|Any CPU
		{F56C80FE-5146-4010-A3B2-ACBB982F9480}.Debug|Any CPU.Build.0 = Debug|Any CPU
		{F56C80FE-5146-4010-A3B2-ACBB982F9480}.Release|Any CPU.ActiveCfg = Release|Any CPU
		{F56C80FE-5146-4010-A3B2-ACBB982F9480}.Release|Any CPU.Build.0 = Release|Any CPU
		{BFA2AE0B-5107-4E4F-B268-921A2EB6F776}.Debug|Any CPU.ActiveCfg = Debug|Any CPU
		{BFA2AE0B-5107-4E4F-B268-921A2EB6F776}.Debug|Any CPU.Build.0 = Debug|Any CPU
		{BFA2AE0B-5107-4E4F-B268-921A2EB6F776}.Release|Any CPU.ActiveCfg = Release|Any CPU
		{BFA2AE0B-5107-4E4F-B268-921A2EB6F776}.Release|Any CPU.Build.0 = Release|Any CPU
		{E8C28968-B27B-4301-8B9E-F53F2480A0DD}.Debug|Any CPU.ActiveCfg = Debug|Any CPU
		{E8C28968-B27B-4301-8B9E-F53F2480A0DD}.Debug|Any CPU.Build.0 = Debug|Any CPU
		{E8C28968-B27B-4301-8B9E-F53F2480A0DD}.Release|Any CPU.ActiveCfg = Release|Any CPU
		{E8C28968-B27B-4301-8B9E-F53F2480A0DD}.Release|Any CPU.Build.0 = Release|Any CPU
		{839E5E05-EC9B-43E9-8D8A-8EA6597D4B0B}.Debug|Any CPU.ActiveCfg = Debug|Any CPU
		{839E5E05-EC9B-43E9-8D8A-8EA6597D4B0B}.Debug|Any CPU.Build.0 = Debug|Any CPU
		{839E5E05-EC9B-43E9-8D8A-8EA6597D4B0B}.Release|Any CPU.ActiveCfg = Release|Any CPU
		{839E5E05-EC9B-43E9-8D8A-8EA6597D4B0B}.Release|Any CPU.Build.0 = Release|Any CPU
		{69497EA8-C6F9-43CC-A152-AA4E7B4E9521}.Debug|Any CPU.ActiveCfg = Debug|Any CPU
		{69497EA8-C6F9-43CC-A152-AA4E7B4E9521}.Debug|Any CPU.Build.0 = Debug|Any CPU
		{69497EA8-C6F9-43CC-A152-AA4E7B4E9521}.Release|Any CPU.ActiveCfg = Release|Any CPU
		{69497EA8-C6F9-43CC-A152-AA4E7B4E9521}.Release|Any CPU.Build.0 = Release|Any CPU
		{D3AF6B01-32C9-41CC-8277-AB46BA1D0991}.Debug|Any CPU.ActiveCfg = Debug|Any CPU
		{D3AF6B01-32C9-41CC-8277-AB46BA1D0991}.Debug|Any CPU.Build.0 = Debug|Any CPU
		{D3AF6B01-32C9-41CC-8277-AB46BA1D0991}.Release|Any CPU.ActiveCfg = Release|Any CPU
		{D3AF6B01-32C9-41CC-8277-AB46BA1D0991}.Release|Any CPU.Build.0 = Release|Any CPU
		{4615D693-B2C0-40EA-A731-1CF27B9C1E3B}.Debug|Any CPU.ActiveCfg = Debug|Any CPU
		{4615D693-B2C0-40EA-A731-1CF27B9C1E3B}.Debug|Any CPU.Build.0 = Debug|Any CPU
		{4615D693-B2C0-40EA-A731-1CF27B9C1E3B}.Release|Any CPU.ActiveCfg = Release|Any CPU
		{4615D693-B2C0-40EA-A731-1CF27B9C1E3B}.Release|Any CPU.Build.0 = Release|Any CPU
	EndGlobalSection
	GlobalSection(SolutionProperties) = preSolution
		HideSolutionNode = FALSE
	EndGlobalSection
	GlobalSection(NestedProjects) = preSolution
		{B01E211E-2F0E-4D59-BD0F-59B91147AC9C} = {4B093BE4-8987-4E49-8A7C-F9754A29B382}
		{41465A75-D1C5-4B07-B28D-3580C138DD93} = {4B093BE4-8987-4E49-8A7C-F9754A29B382}
		{0D252D1D-2420-4A0C-8A39-04448D7162F8} = {4B093BE4-8987-4E49-8A7C-F9754A29B382}
		{60D5BBE1-D8C5-4EEF-843A-33972BBC94AF} = {41465A75-D1C5-4B07-B28D-3580C138DD93}
		{7C386F3D-2D91-406D-AB63-EB5B5DA5302C} = {60D5BBE1-D8C5-4EEF-843A-33972BBC94AF}
		{2433458A-9E6D-4C79-B1D9-C1CC2DB549C3} = {0D252D1D-2420-4A0C-8A39-04448D7162F8}
		{DD84A5AB-A109-4F43-A836-74D5745CE898} = {B01E211E-2F0E-4D59-BD0F-59B91147AC9C}
		{F56C80FE-5146-4010-A3B2-ACBB982F9480} = {DD84A5AB-A109-4F43-A836-74D5745CE898}
		{BFA2AE0B-5107-4E4F-B268-921A2EB6F776} = {2433458A-9E6D-4C79-B1D9-C1CC2DB549C3}
		{FFE006DD-B8FB-44D8-9F59-AD869B42F199} = {41465A75-D1C5-4B07-B28D-3580C138DD93}
		{319243BE-1F1A-4E80-B471-BF9D11473E4A} = {41465A75-D1C5-4B07-B28D-3580C138DD93}
		{A9071BBF-0B74-4EB7-A455-E17A9120F715} = {41465A75-D1C5-4B07-B28D-3580C138DD93}
		{998F85B8-475A-4D4D-9965-1BE183775539} = {41465A75-D1C5-4B07-B28D-3580C138DD93}
		{9708A143-D204-48D2-B97F-E9E934A659CC} = {41465A75-D1C5-4B07-B28D-3580C138DD93}
		{E8C28968-B27B-4301-8B9E-F53F2480A0DD} = {FFE006DD-B8FB-44D8-9F59-AD869B42F199}
		{839E5E05-EC9B-43E9-8D8A-8EA6597D4B0B} = {319243BE-1F1A-4E80-B471-BF9D11473E4A}
		{69497EA8-C6F9-43CC-A152-AA4E7B4E9521} = {A9071BBF-0B74-4EB7-A455-E17A9120F715}
		{D3AF6B01-32C9-41CC-8277-AB46BA1D0991} = {9708A143-D204-48D2-B97F-E9E934A659CC}
		{4615D693-B2C0-40EA-A731-1CF27B9C1E3B} = {998F85B8-475A-4D4D-9965-1BE183775539}
	EndGlobalSection
	GlobalSection(ExtensibilityGlobals) = postSolution
		SolutionGuid = {98E6CDD6-64E9-44BD-9A4C-0B947C7687BA}
	EndGlobalSection
EndGlobal
